
Microsoft Visual Studio Solution File, Format Version 12.00
# Visual Studio Version 17
VisualStudioVersion = 17.13.36105.23 d17.13
MinimumVisualStudioVersion = 10.0.40219.1
Project("{FAE04EC0-301F-11D3-BF4B-00C04F79EFBC}") = "hasib_Playon24WebApi", "hasib_Playon24WebApi\hasib_Playon24WebApi.csproj", "{75BB5514-C429-42E8-953A-6238A1050BED}"
EndProject
Global
	GlobalSection(SolutionConfigurationPlatforms) = preSolution
		Debug|Any CPU = Debug|Any CPU
		Release|Any CPU = Release|Any CPU
	EndGlobalSection
	GlobalSection(ProjectConfigurationPlatforms) = postSolution
		{75BB5514-C429-42E8-953A-6238A1050BED}.Debug|Any CPU.ActiveCfg = Debug|Any CPU
		{75BB5514-C429-42E8-953A-6238A1050BED}.Debug|Any CPU.Build.0 = Debug|Any CPU
		{75BB5514-C429-42E8-953A-6238A1050BED}.Release|Any CPU.ActiveCfg = Release|Any CPU
		{75BB5514-C429-42E8-953A-6238A1050BED}.Release|Any CPU.Build.0 = Release|Any CPU
	EndGlobalSection
	GlobalSection(SolutionProperties) = preSolution
		HideSolutionNode = FALSE
	EndGlobalSection
	GlobalSection(ExtensibilityGlobals) = postSolution
		SolutionGuid = {DAA8A101-37A3-450C-A22F-B2CF321A18E2}
	EndGlobalSection
EndGlobal
